
Microsoft Visual Studio Solution File, Format Version 12.00
# Visual Studio 15
VisualStudioVersion = 15.0.28307.1321
MinimumVisualStudioVersion = 10.0.40219.1
Project("{FAE04EC0-301F-11D3-BF4B-00C04F79EFBC}") = "DS_20_P4", "DS_20_P4\DS_20_P4.csproj", "{F0E2C235-0845-41D7-A089-A6313072059F}"
EndProject
Global
	GlobalSection(SolutionConfigurationPlatforms) = preSolution
		Debug|Any CPU = Debug|Any CPU
		Release|Any CPU = Release|Any CPU
	EndGlobalSection
	GlobalSection(ProjectConfigurationPlatforms) = postSolution
		{F0E2C235-0845-41D7-A089-A6313072059F}.Debug|Any CPU.ActiveCfg = Debug|Any CPU
		{F0E2C235-0845-41D7-A089-A6313072059F}.Debug|Any CPU.Build.0 = Debug|Any CPU
		{F0E2C235-0845-41D7-A089-A6313072059F}.Release|Any CPU.ActiveCfg = Release|Any CPU
		{F0E2C235-0845-41D7-A089-A6313072059F}.Release|Any CPU.Build.0 = Release|Any CPU
	EndGlobalSection
	GlobalSection(SolutionProperties) = preSolution
		HideSolutionNode = FALSE
	EndGlobalSection
	GlobalSection(ExtensibilityGlobals) = postSolution
		SolutionGuid = {587444CC-0989-42E7-B6B7-C9C7894DD06D}
	EndGlobalSection
EndGlobal
